
Microsoft Visual Studio Solution File, Format Version 12.00
# Visual Studio 15
VisualStudioVersion = 15.0.28010.2036
MinimumVisualStudioVersion = 10.0.40219.1
Project("{8BC9CEB8-8B4A-11D0-8D11-00A0C91BC942}") = "FindPath", "FindPath\FindPath.vcxproj", "{65E2A665-72C6-45DA-B9B4-96CE4A371D13}"
EndProject
Global
	GlobalSection(SolutionConfigurationPlatforms) = preSolution
		Debug|x64 = Debug|x64
		Debug|x86 = Debug|x86
		Release|x64 = Release|x64
		Release|x86 = Release|x86
	EndGlobalSection
	GlobalSection(ProjectConfigurationPlatforms) = postSolution
		{65E2A665-72C6-45DA-B9B4-96CE4A371D13}.Debug|x64.ActiveCfg = Debug|x64
		{65E2A665-72C6-45DA-B9B4-96CE4A371D13}.Debug|x64.Build.0 = Debug|x64
		{65E2A665-72C6-45DA-B9B4-96CE4A371D13}.Debug|x86.ActiveCfg = Debug|Win32
		{65E2A665-72C6-45DA-B9B4-96CE4A371D13}.Debug|x86.Build.0 = Debug|Win32
		{65E2A665-72C6-45DA-B9B4-96CE4A371D13}.Release|x64.ActiveCfg = Release|x64
		{65E2A665-72C6-45DA-B9B4-96CE4A371D13}.Release|x64.Build.0 = Release|x64
		{65E2A665-72C6-45DA-B9B4-96CE4A371D13}.Release|x86.ActiveCfg = Release|Win32
		{65E2A665-72C6-45DA-B9B4-96CE4A371D13}.Release|x86.Build.0 = Release|Win32
	EndGlobalSection
	GlobalSection(SolutionProperties) = preSolution
		HideSolutionNode = FALSE
	EndGlobalSection
	GlobalSection(ExtensibilityGlobals) = postSolution
		SolutionGuid = {B6F5F23D-32FB-43BF-AFC9-CF7082C5433A}
	EndGlobalSection
EndGlobal
